// !$*UTF8*$!
{
	archiveVersion = 1;
	classes = {
	};
	objectVersion = 50;
	objects = {

/* Begin PBXBuildFile section */
		4C4EABE72240F0520080E0F4 /* AppDelegate.swift in Sources */ = {isa = PBXBuildFile; fileRef = 4C4EABE62240F0520080E0F4 /* AppDelegate.swift */; };
		4C4EABE92240F0520080E0F4 /* ViewController.swift in Sources */ = {isa = PBXBuildFile; fileRef = 4C4EABE82240F0520080E0F4 /* ViewController.swift */; };
		4C4EABEC2240F0520080E0F4 /* Main.storyboard in Resources */ = {isa = PBXBuildFile; fileRef = 4C4EABEA2240F0520080E0F4 /* Main.storyboard */; };
		4C4EABEE2240F0560080E0F4 /* Assets.xcassets in Resources */ = {isa = PBXBuildFile; fileRef = 4C4EABED2240F0560080E0F4 /* Assets.xcassets */; };
		4C4EABF12240F0560080E0F4 /* LaunchScreen.storyboard in Resources */ = {isa = PBXBuildFile; fileRef = 4C4EABEF2240F0560080E0F4 /* LaunchScreen.storyboard */; };
		4C4EABFC2240F0560080E0F4 /* WatchlistTests.swift in Sources */ = {isa = PBXBuildFile; fileRef = 4C4EABFB2240F0560080E0F4 /* WatchlistTests.swift */; };
		4C4EAC122240F2C60080E0F4 /* WatchListTableViewController.swift in Sources */ = {isa = PBXBuildFile; fileRef = 4C4EAC112240F2C60080E0F4 /* WatchListTableViewController.swift */; };
		4C4EAC142240F30A0080E0F4 /* Information.swift in Sources */ = {isa = PBXBuildFile; fileRef = 4C4EAC132240F30A0080E0F4 /* Information.swift */; };
		4C4EAC162240F3200080E0F4 /* Category.swift in Sources */ = {isa = PBXBuildFile; fileRef = 4C4EAC152240F3200080E0F4 /* Category.swift */; };
/* End PBXBuildFile section */

/* Begin PBXContainerItemProxy section */
		4C4EABF82240F0560080E0F4 /* PBXContainerItemProxy */ = {
			isa = PBXContainerItemProxy;
			containerPortal = 4C4EABDB2240F0520080E0F4 /* Project object */;
			proxyType = 1;
			remoteGlobalIDString = 4C4EABE22240F0520080E0F4;
			remoteInfo = Watchlist;
		};
/* End PBXContainerItemProxy section */

/* Begin PBXFileReference section */
		4C4EABE32240F0520080E0F4 /* Watchlist.app */ = {isa = PBXFileReference; explicitFileType = wrapper.application; includeInIndex = 0; path = Watchlist.app; sourceTree = BUILT_PRODUCTS_DIR; };
		4C4EABE62240F0520080E0F4 /* AppDelegate.swift */ = {isa = PBXFileReference; lastKnownFileType = sourcecode.swift; path = AppDelegate.swift; sourceTree = "<group>"; };
		4C4EABE82240F0520080E0F4 /* ViewController.swift */ = {isa = PBXFileReference; lastKnownFileType = sourcecode.swift; path = ViewController.swift; sourceTree = "<group>"; };
		4C4EABEB2240F0520080E0F4 /* Base */ = {isa = PBXFileReference; lastKnownFileType = file.storyboard; name = Base; path = Base.lproj/Main.storyboard; sourceTree = "<group>"; };
		4C4EABED2240F0560080E0F4 /* Assets.xcassets */ = {isa = PBXFileReference; lastKnownFileType = folder.assetcatalog; path = Assets.xcassets; sourceTree = "<group>"; };
		4C4EABF02240F0560080E0F4 /* Base */ = {isa = PBXFileReference; lastKnownFileType = file.storyboard; name = Base; path = Base.lproj/LaunchScreen.storyboard; sourceTree = "<group>"; };
		4C4EABF22240F0560080E0F4 /* Info.plist */ = {isa = PBXFileReference; lastKnownFileType = text.plist.xml; path = Info.plist; sourceTree = "<group>"; };
		4C4EABF72240F0560080E0F4 /* WatchlistTests.xctest */ = {isa = PBXFileReference; explicitFileType = wrapper.cfbundle; includeInIndex = 0; path = WatchlistTests.xctest; sourceTree = BUILT_PRODUCTS_DIR; };
		4C4EABFB2240F0560080E0F4 /* WatchlistTests.swift */ = {isa = PBXFileReference; lastKnownFileType = sourcecode.swift; path = WatchlistTests.swift; sourceTree = "<group>"; };
		4C4EABFD2240F0560080E0F4 /* Info.plist */ = {isa = PBXFileReference; lastKnownFileType = text.plist.xml; path = Info.plist; sourceTree = "<group>"; };
		4C4EAC112240F2C60080E0F4 /* WatchListTableViewController.swift */ = {isa = PBXFileReference; lastKnownFileType = sourcecode.swift; path = WatchListTableViewController.swift; sourceTree = "<group>"; };
		4C4EAC132240F30A0080E0F4 /* Information.swift */ = {isa = PBXFileReference; lastKnownFileType = sourcecode.swift; path = Information.swift; sourceTree = "<group>"; };
		4C4EAC152240F3200080E0F4 /* Category.swift */ = {isa = PBXFileReference; lastKnownFileType = sourcecode.swift; path = Category.swift; sourceTree = "<group>"; };
/* End PBXFileReference section */

/* Begin PBXFrameworksBuildPhase section */
		4C4EABE02240F0520080E0F4 /* Frameworks */ = {
			isa = PBXFrameworksBuildPhase;
			buildActionMask = 2147483647;
			files = (
			);
			runOnlyForDeploymentPostprocessing = 0;
		};
		4C4EABF42240F0560080E0F4 /* Frameworks */ = {
			isa = PBXFrameworksBuildPhase;
			buildActionMask = 2147483647;
			files = (
			);
			runOnlyForDeploymentPostprocessing = 0;
		};
/* End PBXFrameworksBuildPhase section */

/* Begin PBXGroup section */
		4C4EABDA2240F0520080E0F4 = {
			isa = PBXGroup;
			children = (
				4C4EABE52240F0520080E0F4 /* Watchlist */,
				4C4EABFA2240F0560080E0F4 /* WatchlistTests */,
				4C4EABE42240F0520080E0F4 /* Products */,
			);
			sourceTree = "<group>";
		};
		4C4EABE42240F0520080E0F4 /* Products */ = {
			isa = PBXGroup;
			children = (
				4C4EABE32240F0520080E0F4 /* Watchlist.app */,
				4C4EABF72240F0560080E0F4 /* WatchlistTests.xctest */,
			);
			name = Products;
			sourceTree = "<group>";
		};
		4C4EABE52240F0520080E0F4 /* Watchlist */ = {
			isa = PBXGroup;
			children = (
				4C4EABE62240F0520080E0F4 /* AppDelegate.swift */,
				4C4EAC082240F0C00080E0F4 /* Classes */,
				4C4EAC062240F0880080E0F4 /* Storyboard */,
				4C4EAC072240F0970080E0F4 /* Resources */,
				4C4EABF22240F0560080E0F4 /* Info.plist */,
			);
			path = Watchlist;
			sourceTree = "<group>";
		};
		4C4EABFA2240F0560080E0F4 /* WatchlistTests */ = {
			isa = PBXGroup;
			children = (
				4C4EABFB2240F0560080E0F4 /* WatchlistTests.swift */,
				4C4EABFD2240F0560080E0F4 /* Info.plist */,
			);
			path = WatchlistTests;
			sourceTree = "<group>";
		};
		4C4EAC062240F0880080E0F4 /* Storyboard */ = {
			isa = PBXGroup;
			children = (
				4C4EABEA2240F0520080E0F4 /* Main.storyboard */,
				4C4EABEF2240F0560080E0F4 /* LaunchScreen.storyboard */,
			);
			path = Storyboard;
			sourceTree = "<group>";
		};
		4C4EAC072240F0970080E0F4 /* Resources */ = {
			isa = PBXGroup;
			children = (
				4C4EABED2240F0560080E0F4 /* Assets.xcassets */,
			);
			path = Resources;
			sourceTree = "<group>";
		};
		4C4EAC082240F0C00080E0F4 /* Classes */ = {
			isa = PBXGroup;
			children = (
				4C4EAC102240F1450080E0F4 /* TableView */,
				4C4EAC0E2240F1330080E0F4 /* ViewModel */,
				4C4EAC0F2240F13D0080E0F4 /* Model */,
				4C4EAC092240F0DA0080E0F4 /* Network */,
				4C4EAC0B2240F0FE0080E0F4 /* Helpers */,
				4C4EAC0C2240F1090080E0F4 /* Extensions */,
				4C4EABE82240F0520080E0F4 /* ViewController.swift */,
			);
			path = Classes;
			sourceTree = "<group>";
		};
		4C4EAC092240F0DA0080E0F4 /* Network */ = {
			isa = PBXGroup;
			children = (
			);
			path = Network;
			sourceTree = "<group>";
		};
		4C4EAC0B2240F0FE0080E0F4 /* Helpers */ = {
			isa = PBXGroup;
			children = (
			);
			path = Helpers;
			sourceTree = "<group>";
		};
		4C4EAC0C2240F1090080E0F4 /* Extensions */ = {
			isa = PBXGroup;
			children = (
			);
			path = Extensions;
			sourceTree = "<group>";
		};
		4C4EAC0E2240F1330080E0F4 /* ViewModel */ = {
			isa = PBXGroup;
			children = (
			);
			path = ViewModel;
			sourceTree = "<group>";
		};
		4C4EAC0F2240F13D0080E0F4 /* Model */ = {
			isa = PBXGroup;
			children = (
				4C4EAC132240F30A0080E0F4 /* Information.swift */,
				4C4EAC152240F3200080E0F4 /* Category.swift */,
			);
			path = Model;
			sourceTree = "<group>";
		};
		4C4EAC102240F1450080E0F4 /* TableView */ = {
			isa = PBXGroup;
			children = (
				4C4EAC112240F2C60080E0F4 /* WatchListTableViewController.swift */,
			);
			path = TableView;
			sourceTree = "<group>";
		};
/* End PBXGroup section */

/* Begin PBXNativeTarget section */
		4C4EABE22240F0520080E0F4 /* Watchlist */ = {
			isa = PBXNativeTarget;
			buildConfigurationList = 4C4EAC002240F0560080E0F4 /* Build configuration list for PBXNativeTarget "Watchlist" */;
			buildPhases = (
				4C4EABDF2240F0520080E0F4 /* Sources */,
				4C4EABE02240F0520080E0F4 /* Frameworks */,
				4C4EABE12240F0520080E0F4 /* Resources */,
			);
			buildRules = (
			);
			dependencies = (
			);
			name = Watchlist;
			productName = Watchlist;
			productReference = 4C4EABE32240F0520080E0F4 /* Watchlist.app */;
			productType = "com.apple.product-type.application";
		};
		4C4EABF62240F0560080E0F4 /* WatchlistTests */ = {
			isa = PBXNativeTarget;
			buildConfigurationList = 4C4EAC032240F0560080E0F4 /* Build configuration list for PBXNativeTarget "WatchlistTests" */;
			buildPhases = (
				4C4EABF32240F0560080E0F4 /* Sources */,
				4C4EABF42240F0560080E0F4 /* Frameworks */,
				4C4EABF52240F0560080E0F4 /* Resources */,
			);
			buildRules = (
			);
			dependencies = (
				4C4EABF92240F0560080E0F4 /* PBXTargetDependency */,
			);
			name = WatchlistTests;
			productName = WatchlistTests;
			productReference = 4C4EABF72240F0560080E0F4 /* WatchlistTests.xctest */;
			productType = "com.apple.product-type.bundle.unit-test";
		};
/* End PBXNativeTarget section */

/* Begin PBXProject section */
		4C4EABDB2240F0520080E0F4 /* Project object */ = {
			isa = PBXProject;
			attributes = {
				LastSwiftUpdateCheck = 1010;
				LastUpgradeCheck = 1010;
				ORGANIZATIONNAME = "Maria Ortega";
				TargetAttributes = {
					4C4EABE22240F0520080E0F4 = {
						CreatedOnToolsVersion = 10.1;
					};
					4C4EABF62240F0560080E0F4 = {
						CreatedOnToolsVersion = 10.1;
						TestTargetID = 4C4EABE22240F0520080E0F4;
					};
				};
			};
			buildConfigurationList = 4C4EABDE2240F0520080E0F4 /* Build configuration list for PBXProject "Watchlist" */;
			compatibilityVersion = "Xcode 9.3";
			developmentRegion = en;
			hasScannedForEncodings = 0;
			knownRegions = (
				en,
				Base,
			);
			mainGroup = 4C4EABDA2240F0520080E0F4;
			productRefGroup = 4C4EABE42240F0520080E0F4 /* Products */;
			projectDirPath = "";
			projectRoot = "";
			targets = (
				4C4EABE22240F0520080E0F4 /* Watchlist */,
				4C4EABF62240F0560080E0F4 /* WatchlistTests */,
			);
		};
/* End PBXProject section */

/* Begin PBXResourcesBuildPhase section */
		4C4EABE12240F0520080E0F4 /* Resources */ = {
			isa = PBXResourcesBuildPhase;
			buildActionMask = 2147483647;
			files = (
				4C4EABF12240F0560080E0F4 /* LaunchScreen.storyboard in Resources */,
				4C4EABEE2240F0560080E0F4 /* Assets.xcassets in Resources */,
				4C4EABEC2240F0520080E0F4 /* Main.storyboard in Resources */,
			);
			runOnlyForDeploymentPostprocessing = 0;
		};
		4C4EABF52240F0560080E0F4 /* Resources */ = {
			isa = PBXResourcesBuildPhase;
			buildActionMask = 2147483647;
			files = (
			);
			runOnlyForDeploymentPostprocessing = 0;
		};
/* End PBXResourcesBuildPhase section */

/* Begin PBXSourcesBuildPhase section */
		4C4EABDF2240F0520080E0F4 /* Sources */ = {
			isa = PBXSourcesBuildPhase;
			buildActionMask = 2147483647;
			files = (
				4C4EAC122240F2C60080E0F4 /* WatchListTableViewController.swift in Sources */,
				4C4EAC162240F3200080E0F4 /* Category.swift in Sources */,
				4C4EABE92240F0520080E0F4 /* ViewController.swift in Sources */,
				4C4EAC142240F30A0080E0F4 /* Information.swift in Sources */,
				4C4EABE72240F0520080E0F4 /* AppDelegate.swift in Sources */,
			);
			runOnlyForDeploymentPostprocessing = 0;
		};
		4C4EABF32240F0560080E0F4 /* Sources */ = {
			isa = PBXSourcesBuildPhase;
			buildActionMask = 2147483647;
			files = (
				4C4EABFC2240F0560080E0F4 /* WatchlistTests.swift in Sources */,
			);
			runOnlyForDeploymentPostprocessing = 0;
		};
/* End PBXSourcesBuildPhase section */

/* Begin PBXTargetDependency section */
		4C4EABF92240F0560080E0F4 /* PBXTargetDependency */ = {
			isa = PBXTargetDependency;
			target = 4C4EABE22240F0520080E0F4 /* Watchlist */;
			targetProxy = 4C4EABF82240F0560080E0F4 /* PBXContainerItemProxy */;
		};
/* End PBXTargetDependency section */

/* Begin PBXVariantGroup section */
		4C4EABEA2240F0520080E0F4 /* Main.storyboard */ = {
			isa = PBXVariantGroup;
			children = (
				4C4EABEB2240F0520080E0F4 /* Base */,
			);
			name = Main.storyboard;
			sourceTree = "<group>";
		};
		4C4EABEF2240F0560080E0F4 /* LaunchScreen.storyboard */ = {
			isa = PBXVariantGroup;
			children = (
				4C4EABF02240F0560080E0F4 /* Base */,
			);
			name = LaunchScreen.storyboard;
			sourceTree = "<group>";
		};
/* End PBXVariantGroup section */

/* Begin XCBuildConfiguration section */
		4C4EABFE2240F0560080E0F4 /* Debug */ = {
			isa = XCBuildConfiguration;
			buildSettings = {
				ALWAYS_SEARCH_USER_PATHS = NO;
				CLANG_ANALYZER_NONNULL = YES;
				CLANG_ANALYZER_NUMBER_OBJECT_CONVERSION = YES_AGGRESSIVE;
				CLANG_CXX_LANGUAGE_STANDARD = "gnu++14";
				CLANG_CXX_LIBRARY = "libc++";
				CLANG_ENABLE_MODULES = YES;
				CLANG_ENABLE_OBJC_ARC = YES;
				CLANG_ENABLE_OBJC_WEAK = YES;
				CLANG_WARN_BLOCK_CAPTURE_AUTORELEASING = YES;
				CLANG_WARN_BOOL_CONVERSION = YES;
				CLANG_WARN_COMMA = YES;
				CLANG_WARN_CONSTANT_CONVERSION = YES;
				CLANG_WARN_DEPRECATED_OBJC_IMPLEMENTATIONS = YES;
				CLANG_WARN_DIRECT_OBJC_ISA_USAGE = YES_ERROR;
				CLANG_WARN_DOCUMENTATION_COMMENTS = YES;
				CLANG_WARN_EMPTY_BODY = YES;
				CLANG_WARN_ENUM_CONVERSION = YES;
				CLANG_WARN_INFINITE_RECURSION = YES;
				CLANG_WARN_INT_CONVERSION = YES;
				CLANG_WARN_NON_LITERAL_NULL_CONVERSION = YES;
				CLANG_WARN_OBJC_IMPLICIT_RETAIN_SELF = YES;
				CLANG_WARN_OBJC_LITERAL_CONVERSION = YES;
				CLANG_WARN_OBJC_ROOT_CLASS = YES_ERROR;
				CLANG_WARN_RANGE_LOOP_ANALYSIS = YES;
				CLANG_WARN_STRICT_PROTOTYPES = YES;
				CLANG_WARN_SUSPICIOUS_MOVE = YES;
				CLANG_WARN_UNGUARDED_AVAILABILITY = YES_AGGRESSIVE;
				CLANG_WARN_UNREACHABLE_CODE = YES;
				CLANG_WARN__DUPLICATE_METHOD_MATCH = YES;
				CODE_SIGN_IDENTITY = "iPhone Developer";
				COPY_PHASE_STRIP = NO;
				DEBUG_INFORMATION_FORMAT = dwarf;
				ENABLE_STRICT_OBJC_MSGSEND = YES;
				ENABLE_TESTABILITY = YES;
				GCC_C_LANGUAGE_STANDARD = gnu11;
				GCC_DYNAMIC_NO_PIC = NO;
				GCC_NO_COMMON_BLOCKS = YES;
				GCC_OPTIMIZATION_LEVEL = 0;
				GCC_PREPROCESSOR_DEFINITIONS = (
					"DEBUG=1",
					"$(inherited)",
				);
				GCC_WARN_64_TO_32_BIT_CONVERSION = YES;
				GCC_WARN_ABOUT_RETURN_TYPE = YES_ERROR;
				GCC_WARN_UNDECLARED_SELECTOR = YES;
				GCC_WARN_UNINITIALIZED_AUTOS = YES_AGGRESSIVE;
				GCC_WARN_UNUSED_FUNCTION = YES;
				GCC_WARN_UNUSED_VARIABLE = YES;
				IPHONEOS_DEPLOYMENT_TARGET = 12.1;
				MTL_ENABLE_DEBUG_INFO = INCLUDE_SOURCE;
				MTL_FAST_MATH = YES;
				ONLY_ACTIVE_ARCH = YES;
				SDKROOT = iphoneos;
				SWIFT_ACTIVE_COMPILATION_CONDITIONS = DEBUG;
				SWIFT_OPTIMIZATION_LEVEL = "-Onone";
			};
			name = Debug;
		};
		4C4EABFF2240F0560080E0F4 /* Release */ = {
			isa = XCBuildConfiguration;
			buildSettings = {
				ALWAYS_SEARCH_USER_PATHS = NO;
				CLANG_ANALYZER_NONNULL = YES;
				CLANG_ANALYZER_NUMBER_OBJECT_CONVERSION = YES_AGGRESSIVE;
				CLANG_CXX_LANGUAGE_STANDARD = "gnu++14";
				CLANG_CXX_LIBRARY = "libc++";
				CLANG_ENABLE_MODULES = YES;
				CLANG_ENABLE_OBJC_ARC = YES;
				CLANG_ENABLE_OBJC_WEAK = YES;
				CLANG_WARN_BLOCK_CAPTURE_AUTORELEASING = YES;
				CLANG_WARN_BOOL_CONVERSION = YES;
				CLANG_WARN_COMMA = YES;
				CLANG_WARN_CONSTANT_CONVERSION = YES;
				CLANG_WARN_DEPRECATED_OBJC_IMPLEMENTATIONS = YES;
				CLANG_WARN_DIRECT_OBJC_ISA_USAGE = YES_ERROR;
				CLANG_WARN_DOCUMENTATION_COMMENTS = YES;
				CLANG_WARN_EMPTY_BODY = YES;
				CLANG_WARN_ENUM_CONVERSION = YES;
				CLANG_WARN_INFINITE_RECURSION = YES;
				CLANG_WARN_INT_CONVERSION = YES;
				CLANG_WARN_NON_LITERAL_NULL_CONVERSION = YES;
				CLANG_WARN_OBJC_IMPLICIT_RETAIN_SELF = YES;
				CLANG_WARN_OBJC_LITERAL_CONVERSION = YES;
				CLANG_WARN_OBJC_ROOT_CLASS = YES_ERROR;
				CLANG_WARN_RANGE_LOOP_ANALYSIS = YES;
				CLANG_WARN_STRICT_PROTOTYPES = YES;
				CLANG_WARN_SUSPICIOUS_MOVE = YES;
				CLANG_WARN_UNGUARDED_AVAILABILITY = YES_AGGRESSIVE;
				CLANG_WARN_UNREACHABLE_CODE = YES;
				CLANG_WARN__DUPLICATE_METHOD_MATCH = YES;
				CODE_SIGN_IDENTITY = "iPhone Developer";
				COPY_PHASE_STRIP = NO;
				DEBUG_INFORMATION_FORMAT = "dwarf-with-dsym";
				ENABLE_NS_ASSERTIONS = NO;
				ENABLE_STRICT_OBJC_MSGSEND = YES;
				GCC_C_LANGUAGE_STANDARD = gnu11;
				GCC_NO_COMMON_BLOCKS = YES;
				GCC_WARN_64_TO_32_BIT_CONVERSION = YES;
				GCC_WARN_ABOUT_RETURN_TYPE = YES_ERROR;
				GCC_WARN_UNDECLARED_SELECTOR = YES;
				GCC_WARN_UNINITIALIZED_AUTOS = YES_AGGRESSIVE;
				GCC_WARN_UNUSED_FUNCTION = YES;
				GCC_WARN_UNUSED_VARIABLE = YES;
				IPHONEOS_DEPLOYMENT_TARGET = 12.1;
				MTL_ENABLE_DEBUG_INFO = NO;
				MTL_FAST_MATH = YES;
				SDKROOT = iphoneos;
				SWIFT_COMPILATION_MODE = wholemodule;
				SWIFT_OPTIMIZATION_LEVEL = "-O";
				VALIDATE_PRODUCT = YES;
			};
			name = Release;
		};
		4C4EAC012240F0560080E0F4 /* Debug */ = {
			isa = XCBuildConfiguration;
			buildSettings = {
				ASSETCATALOG_COMPILER_APPICON_NAME = AppIcon;
				CODE_SIGN_STYLE = Automatic;
				DEVELOPMENT_TEAM = 4K6JDXN8TD;
				INFOPLIST_FILE = Watchlist/Info.plist;
				LD_RUNPATH_SEARCH_PATHS = (
					"$(inherited)",
					"@executable_path/Frameworks",
				);
				PRODUCT_BUNDLE_IDENTIFIER = kobinary.Watchlist;
				PRODUCT_NAME = "$(TARGET_NAME)";
				SWIFT_VERSION = 4.2;
				TARGETED_DEVICE_FAMILY = "1,2";
			};
			name = Debug;
		};
		4C4EAC022240F0560080E0F4 /* Release */ = {
			isa = XCBuildConfiguration;
			buildSettings = {
				ASSETCATALOG_COMPILER_APPICON_NAME = AppIcon;
				CODE_SIGN_STYLE = Automatic;
				DEVELOPMENT_TEAM = 4K6JDXN8TD;
				INFOPLIST_FILE = Watchlist/Info.plist;
				LD_RUNPATH_SEARCH_PATHS = (
					"$(inherited)",
					"@executable_path/Frameworks",
				);
				PRODUCT_BUNDLE_IDENTIFIER = kobinary.Watchlist;
				PRODUCT_NAME = "$(TARGET_NAME)";
				SWIFT_VERSION = 4.2;
				TARGETED_DEVICE_FAMILY = "1,2";
			};
			name = Release;
		};
		4C4EAC042240F0560080E0F4 /* Debug */ = {
			isa = XCBuildConfiguration;
			buildSettings = {
				ALWAYS_EMBED_SWIFT_STANDARD_LIBRARIES = YES;
				BUNDLE_LOADER = "$(TEST_HOST)";
				CODE_SIGN_STYLE = Automatic;
				DEVELOPMENT_TEAM = 4K6JDXN8TD;
				INFOPLIST_FILE = WatchlistTests/Info.plist;
				LD_RUNPATH_SEARCH_PATHS = (
					"$(inherited)",
					"@executable_path/Frameworks",
					"@loader_path/Frameworks",
				);
				PRODUCT_BUNDLE_IDENTIFIER = kobinary.WatchlistTests;
				PRODUCT_NAME = "$(TARGET_NAME)";
				SWIFT_VERSION = 4.2;
				TARGETED_DEVICE_FAMILY = "1,2";
				TEST_HOST = "$(BUILT_PRODUCTS_DIR)/Watchlist.app/Watchlist";
			};
			name = Debug;
		};
		4C4EAC052240F0560080E0F4 /* Release */ = {
			isa = XCBuildConfiguration;
			buildSettings = {
				ALWAYS_EMBED_SWIFT_STANDARD_LIBRARIES = YES;
				BUNDLE_LOADER = "$(TEST_HOST)";
				CODE_SIGN_STYLE = Automatic;
				DEVELOPMENT_TEAM = 4K6JDXN8TD;
				INFOPLIST_FILE = WatchlistTests/Info.plist;
				LD_RUNPATH_SEARCH_PATHS = (
					"$(inherited)",
					"@executable_path/Frameworks",
					"@loader_path/Frameworks",
				);
				PRODUCT_BUNDLE_IDENTIFIER = kobinary.WatchlistTests;
				PRODUCT_NAME = "$(TARGET_NAME)";
				SWIFT_VERSION = 4.2;
				TARGETED_DEVICE_FAMILY = "1,2";
				TEST_HOST = "$(BUILT_PRODUCTS_DIR)/Watchlist.app/Watchlist";
			};
			name = Release;
		};
/* End XCBuildConfiguration section */

/* Begin XCConfigurationList section */
		4C4EABDE2240F0520080E0F4 /* Build configuration list for PBXProject "Watchlist" */ = {
			isa = XCConfigurationList;
			buildConfigurations = (
				4C4EABFE2240F0560080E0F4 /* Debug */,
				4C4EABFF2240F0560080E0F4 /* Release */,
			);
			defaultConfigurationIsVisible = 0;
			defaultConfigurationName = Release;
		};
		4C4EAC002240F0560080E0F4 /* Build configuration list for PBXNativeTarget "Watchlist" */ = {
			isa = XCConfigurationList;
			buildConfigurations = (
				4C4EAC012240F0560080E0F4 /* Debug */,
				4C4EAC022240F0560080E0F4 /* Release */,
			);
			defaultConfigurationIsVisible = 0;
			defaultConfigurationName = Release;
		};
		4C4EAC032240F0560080E0F4 /* Build configuration list for PBXNativeTarget "WatchlistTests" */ = {
			isa = XCConfigurationList;
			buildConfigurations = (
				4C4EAC042240F0560080E0F4 /* Debug */,
				4C4EAC052240F0560080E0F4 /* Release */,
			);
			defaultConfigurationIsVisible = 0;
			defaultConfigurationName = Release;
		};
/* End XCConfigurationList section */
	};
	rootObject = 4C4EABDB2240F0520080E0F4 /* Project object */;
}
